
Microsoft Visual Studio Solution File, Format Version 12.00
# Visual Studio Version 17
VisualStudioVersion = 17.9.34511.98
MinimumVisualStudioVersion = 10.0.40219.1
Project("{FAE04EC0-301F-11D3-BF4B-00C04F79EFBC}") = "PhotoGallery.API", "PhotoGallery.API\PhotoGallery.API.csproj", "{2C7C6897-A68D-4CB2-A472-87DC42A7D7D7}"
EndProject
Global
	GlobalSection(SolutionConfigurationPlatforms) = preSolution
		Debug|Any CPU = Debug|Any CPU
		Release|Any CPU = Release|Any CPU
	EndGlobalSection
	GlobalSection(ProjectConfigurationPlatforms) = postSolution
		{2C7C6897-A68D-4CB2-A472-87DC42A7D7D7}.Debug|Any CPU.ActiveCfg = Debug|Any CPU
		{2C7C6897-A68D-4CB2-A472-87DC42A7D7D7}.Debug|Any CPU.Build.0 = Debug|Any CPU
		{2C7C6897-A68D-4CB2-A472-87DC42A7D7D7}.Release|Any CPU.ActiveCfg = Release|Any CPU
		{2C7C6897-A68D-4CB2-A472-87DC42A7D7D7}.Release|Any CPU.Build.0 = Release|Any CPU
	EndGlobalSection
	GlobalSection(SolutionProperties) = preSolution
		HideSolutionNode = FALSE
	EndGlobalSection
	GlobalSection(ExtensibilityGlobals) = postSolution
		SolutionGuid = {747D9D29-B7E9-483C-A2E9-3CC233C0EAFD}
	EndGlobalSection
EndGlobal
